
Microsoft Visual Studio Solution File, Format Version 12.00
# Visual Studio Version 17
VisualStudioVersion = 17.8.34330.188
MinimumVisualStudioVersion = 10.0.40219.1
Project("{FAE04EC0-301F-11D3-BF4B-00C04F79EFBC}") = "MstoreBackend", "MstoreBackend\MstoreBackend.csproj", "{2266CF7A-A84E-4507-AF8F-107ADB2AB621}"
EndProject
Global
	GlobalSection(SolutionConfigurationPlatforms) = preSolution
		Debug|Any CPU = Debug|Any CPU
		Release|Any CPU = Release|Any CPU
	EndGlobalSection
	GlobalSection(ProjectConfigurationPlatforms) = postSolution
		{2266CF7A-A84E-4507-AF8F-107ADB2AB621}.Debug|Any CPU.ActiveCfg = Debug|Any CPU
		{2266CF7A-A84E-4507-AF8F-107ADB2AB621}.Debug|Any CPU.Build.0 = Debug|Any CPU
		{2266CF7A-A84E-4507-AF8F-107ADB2AB621}.Release|Any CPU.ActiveCfg = Release|Any CPU
		{2266CF7A-A84E-4507-AF8F-107ADB2AB621}.Release|Any CPU.Build.0 = Release|Any CPU
	EndGlobalSection
	GlobalSection(SolutionProperties) = preSolution
		HideSolutionNode = FALSE
	EndGlobalSection
	GlobalSection(ExtensibilityGlobals) = postSolution
		SolutionGuid = {48834238-E8D0-412D-8BCD-188BF28319D9}
	EndGlobalSection
EndGlobal
